// !$*UTF8*$!
{
	archiveVersion = 1;
	classes = {
	};
	objectVersion = 46;
	objects = {
		5E618435888B9D49F8540165 = {
			buildActionMask = 2147483647;
			files = (
				);
			isa = PBXShellScriptBuildPhase;
			runOnlyForDeploymentPostprocessing = 0;
			name = "Qt Qmake";
			shellPath = "/bin/sh";
			shellScript = "make -C /Users/dimones-dev/Desktop/DimonesLabs/IT/build-Lab4ES-iphonesimulator_clang_Qt_5_2_1_for_iOS-Debug -f Lab4ES.xcodeproj/qt_makeqmake.mak";
		};
		81C5C3F7D007A6A50244D5AB = {
			isa = PBXFileReference;
			path = "../Lab4ES/main.cpp";
			name = "main.cpp";
			sourceTree = "<absolute>";
			lastKnownFileType = "sourcecode.cpp.cpp";
		};
		1EFE874E58BF6EFBA87614B5 = {
			fileRef = "81C5C3F7D007A6A50244D5AB";
			isa = PBXBuildFile;
			settings = {
				ATTRIBUTES = (
					);
			};
		};
		6FFB7A9434D0F15E2372C13D = {
			isa = PBXFileReference;
			path = "../Lab4ES/lab4.cpp";
			name = "lab4.cpp";
			sourceTree = "<absolute>";
			lastKnownFileType = "sourcecode.cpp.cpp";
		};
		34D5792363CDD4FA1CA7E0CA = {
			fileRef = "6FFB7A9434D0F15E2372C13D";
			isa = PBXBuildFile;
			settings = {
				ATTRIBUTES = (
					);
			};
		};
		D964CF8F8F636AB0080FC43A = {
			isa = PBXFileReference;
			path = "moc_lab4.cpp";
			sourceTree = "<absolute>";
			lastKnownFileType = "sourcecode.cpp.cpp";
		};
		58762CCCAF29CB986FB4B7E5 = {
			fileRef = "D964CF8F8F636AB0080FC43A";
			isa = PBXBuildFile;
			settings = {
				ATTRIBUTES = (
					);
			};
		};
		0EA83F2DF07A9E3732F74877 = {
			isa = PBXFileReference;
			path = "ui_lab4.h";
			sourceTree = "<absolute>";
			lastKnownFileType = "sourcecode.c.h";
		};
		D8C77A69A8DCBE956301D33E = {
			isa = PBXFileReference;
			path = "../Lab4ES/lab4.h";
			name = "lab4.h";
			sourceTree = "<absolute>";
			lastKnownFileType = "sourcecode.c.h";
		};
		5512BABAF15487424C870F14 = {
			isa = PBXFileReference;
			path = "../Lab4ES/Lab4ES.pro";
			name = "Lab4ES.pro";
			sourceTree = "<absolute>";
			lastKnownFileType = "text";
		};
		ECEBE6115419148BB75FE454 = {
			isa = PBXFileReference;
			path = "../../../../Qt/5.2.1/ios/mkspecs/qdevice.pri";
			name = "qdevice.pri";
			sourceTree = "<absolute>";
		};
		604EFDEFECCAFEB468BB4CF6 = {
			isa = PBXFileReference;
			path = "../../../../Qt/5.2.1/ios/mkspecs/common/shell-unix.conf";
			name = "shell-unix.conf";
			sourceTree = "<absolute>";
		};
		67E0393B3DA3F313F9CA2381 = {
			isa = PBXFileReference;
			path = "../../../../Qt/5.2.1/ios/mkspecs/common/unix.conf";
			name = "unix.conf";
			sourceTree = "<absolute>";
		};
		9C78C5349F9BBF6468F6C1F2 = {
			isa = PBXFileReference;
			path = "../../../../Qt/5.2.1/ios/mkspecs/common/mac.conf";
			name = "mac.conf";
			sourceTree = "<absolute>";
		};
		6A68BD9AEE90EB9F2A536B7C = {
			isa = PBXFileReference;
			path = "../../../../Qt/5.2.1/ios/mkspecs/common/ios.conf";
			name = "ios.conf";
			sourceTree = "<absolute>";
		};
		5A2432EAD1AE44F81C388516 = {
			isa = PBXFileReference;
			path = "../../../../Qt/5.2.1/ios/mkspecs/common/gcc-base.conf";
			name = "gcc-base.conf";
			sourceTree = "<absolute>";
		};
		48EA3348DAA7D3DD297EBA11 = {
			isa = PBXFileReference;
			path = "../../../../Qt/5.2.1/ios/mkspecs/common/gcc-base-mac.conf";
			name = "gcc-base-mac.conf";
			sourceTree = "<absolute>";
		};
		581A3DA6143306A333CA1F98 = {
			isa = PBXFileReference;
			path = "../../../../Qt/5.2.1/ios/mkspecs/common/clang.conf";
			name = "clang.conf";
			sourceTree = "<absolute>";
		};
		228E62BD3CB366E0D9F00C3A = {
			isa = PBXFileReference;
			path = "../../../../Qt/5.2.1/ios/mkspecs/common/clang-mac.conf";
			name = "clang-mac.conf";
			sourceTree = "<absolute>";
		};
		AC85F0FA3D946DE27E6AC381 = {
			isa = PBXFileReference;
			path = "../../../../Qt/5.2.1/ios/mkspecs/common/ios/clang.conf";
			name = "clang.conf";
			sourceTree = "<absolute>";
		};
		B761DFCCE2302861E286D144 = {
			isa = PBXFileReference;
			path = "../../../../Qt/5.2.1/ios/mkspecs/common/ios/qmake.conf";
			name = "qmake.conf";
			sourceTree = "<absolute>";
		};
		2EA9D9574003AA1CBD132AB4 = {
			isa = PBXFileReference;
			path = "../../../../Qt/5.2.1/ios/mkspecs/qconfig.pri";
			name = "qconfig.pri";
			sourceTree = "<absolute>";
		};
		5B7F5F85CEE0A852151C8002 = {
			isa = PBXFileReference;
			path = "../../../../Qt/5.2.1/ios/mkspecs/modules/qt_lib_bootstrap_private.pri";
			name = "qt_lib_bootstrap_private.pri";
			sourceTree = "<absolute>";
		};
		A0B0ADB358CDD906F148F4AF = {
			isa = PBXFileReference;
			path = "../../../../Qt/5.2.1/ios/mkspecs/modules/qt_lib_concurrent.pri";
			name = "qt_lib_concurrent.pri";
			sourceTree = "<absolute>";
		};
		94F58A54145F98F8E5D2DB34 = {
			isa = PBXFileReference;
			path = "../../../../Qt/5.2.1/ios/mkspecs/modules/qt_lib_concurrent_private.pri";
			name = "qt_lib_concurrent_private.pri";
			sourceTree = "<absolute>";
		};
		E6238F86CEC2D420A7689F17 = {
			isa = PBXFileReference;
			path = "../../../../Qt/5.2.1/ios/mkspecs/modules/qt_lib_core.pri";
			name = "qt_lib_core.pri";
			sourceTree = "<absolute>";
		};
		F0597911543934E65CE6DBF3 = {
			isa = PBXFileReference;
			path = "../../../../Qt/5.2.1/ios/mkspecs/modules/qt_lib_core_private.pri";
			name = "qt_lib_core_private.pri";
			sourceTree = "<absolute>";
		};
		67F8B973D1DE46D8644E442A = {
			isa = PBXFileReference;
			path = "../../../../Qt/5.2.1/ios/mkspecs/modules/qt_lib_declarative.pri";
			name = "qt_lib_declarative.pri";
			sourceTree = "<absolute>";
		};
		CD3CD659CB03E3E7F99E0827 = {
			isa = PBXFileReference;
			path = "../../../../Qt/5.2.1/ios/mkspecs/modules/qt_lib_declarative_private.pri";
			name = "qt_lib_declarative_private.pri";
			sourceTree = "<absolute>";
		};
		0AC8BF591E367DD0F117802C = {
			isa = PBXFileReference;
			path = "../../../../Qt/5.2.1/ios/mkspecs/modules/qt_lib_gui.pri";
			name = "qt_lib_gui.pri";
			sourceTree = "<absolute>";
		};
		D3DB85ABE507D3E8F477BC85 = {
			isa = PBXFileReference;
			path = "../../../../Qt/5.2.1/ios/mkspecs/modules/qt_lib_gui_private.pri";
			name = "qt_lib_gui_private.pri";
			sourceTree = "<absolute>";
		};
		1736C7E2B0FD1D52F6B1D727 = {
			isa = PBXFileReference;
			path = "../../../../Qt/5.2.1/ios/mkspecs/modules/qt_lib_multimedia.pri";
			name = "qt_lib_multimedia.pri";
			sourceTree = "<absolute>";
		};
		2F1EE4B35CCDF1C51B9D7294 = {
			isa = PBXFileReference;
			path = "../../../../Qt/5.2.1/ios/mkspecs/modules/qt_lib_multimedia_private.pri";
			name = "qt_lib_multimedia_private.pri";
			sourceTree = "<absolute>";
		};
		FBB51B145A266B87F274413E = {
			isa = PBXFileReference;
			path = "../../../../Qt/5.2.1/ios/mkspecs/modules/qt_lib_multimediawidgets.pri";
			name = "qt_lib_multimediawidgets.pri";
			sourceTree = "<absolute>";
		};
		639C0DD9F760935D1D3020AE = {
			isa = PBXFileReference;
			path = "../../../../Qt/5.2.1/ios/mkspecs/modules/qt_lib_multimediawidgets_private.pri";
			name = "qt_lib_multimediawidgets_private.pri";
			sourceTree = "<absolute>";
		};
		588B635D653B9144D7E1FD74 = {
			isa = PBXFileReference;
			path = "../../../../Qt/5.2.1/ios/mkspecs/modules/qt_lib_network.pri";
			name = "qt_lib_network.pri";
			sourceTree = "<absolute>";
		};
		F6F4803CE95B6F6F5DC2E735 = {
			isa = PBXFileReference;
			path = "../../../../Qt/5.2.1/ios/mkspecs/modules/qt_lib_network_private.pri";
			name = "qt_lib_network_private.pri";
			sourceTree = "<absolute>";
		};
		B4A2CC3888F8764896188EE6 = {
			isa = PBXFileReference;
			path = "../../../../Qt/5.2.1/ios/mkspecs/modules/qt_lib_opengl.pri";
			name = "qt_lib_opengl.pri";
			sourceTree = "<absolute>";
		};
		C77C3F16183D96678289E667 = {
			isa = PBXFileReference;
			path = "../../../../Qt/5.2.1/ios/mkspecs/modules/qt_lib_opengl_private.pri";
			name = "qt_lib_opengl_private.pri";
			sourceTree = "<absolute>";
		};
		9EA30B85C0FC9DEBD8EA3988 = {
			isa = PBXFileReference;
			path = "../../../../Qt/5.2.1/ios/mkspecs/modules/qt_lib_openglextensions.pri";
			name = "qt_lib_openglextensions.pri";
			sourceTree = "<absolute>";
		};
		0CA01A5CE35E2E9F188CF68F = {
			isa = PBXFileReference;
			path = "../../../../Qt/5.2.1/ios/mkspecs/modules/qt_lib_openglextensions_private.pri";
			name = "qt_lib_openglextensions_private.pri";
			sourceTree = "<absolute>";
		};
		CB18B07C7BF3B92F9BB4502A = {
			isa = PBXFileReference;
			path = "../../../../Qt/5.2.1/ios/mkspecs/modules/qt_lib_platformsupport_private.pri";
			name = "qt_lib_platformsupport_private.pri";
			sourceTree = "<absolute>";
		};
		86997B9406FE9EC1F9C893AA = {
			isa = PBXFileReference;
			path = "../../../../Qt/5.2.1/ios/mkspecs/modules/qt_lib_printsupport.pri";
			name = "qt_lib_printsupport.pri";
			sourceTree = "<absolute>";
		};
		58DFE7BEA88A3F71BDFEEFBB = {
			isa = PBXFileReference;
			path = "../../../../Qt/5.2.1/ios/mkspecs/modules/qt_lib_printsupport_private.pri";
			name = "qt_lib_printsupport_private.pri";
			sourceTree = "<absolute>";
		};
		53166FBB2F69F150692C3998 = {
			isa = PBXFileReference;
			path = "../../../../Qt/5.2.1/ios/mkspecs/modules/qt_lib_qml.pri";
			name = "qt_lib_qml.pri";
			sourceTree = "<absolute>";
		};
		740F3D5D3E75425773BB59E1 = {
			isa = PBXFileReference;
			path = "../../../../Qt/5.2.1/ios/mkspecs/modules/qt_lib_qml_private.pri";
			name = "qt_lib_qml_private.pri";
			sourceTree = "<absolute>";
		};
		B6A8840C067962F967969B75 = {
			isa = PBXFileReference;
			path = "../../../../Qt/5.2.1/ios/mkspecs/modules/qt_lib_qmldevtools_private.pri";
			name = "qt_lib_qmldevtools_private.pri";
			sourceTree = "<absolute>";
		};
		8DC635EAE656F88C7D8411FE = {
			isa = PBXFileReference;
			path = "../../../../Qt/5.2.1/ios/mkspecs/modules/qt_lib_qmltest.pri";
			name = "qt_lib_qmltest.pri";
			sourceTree = "<absolute>";
		};
		C15C033397701185F6734CC0 = {
			isa = PBXFileReference;
			path = "../../../../Qt/5.2.1/ios/mkspecs/modules/qt_lib_qmltest_private.pri";
			name = "qt_lib_qmltest_private.pri";
			sourceTree = "<absolute>";
		};
		A50013AE651AAE404C9ABAD0 = {
			isa = PBXFileReference;
			path = "../../../../Qt/5.2.1/ios/mkspecs/modules/qt_lib_qtmultimediaquicktools_private.pri";
			name = "qt_lib_qtmultimediaquicktools_private.pri";
			sourceTree = "<absolute>";
		};
		6A11B55EC475CD09DA9E5175 = {
			isa = PBXFileReference;
			path = "../../../../Qt/5.2.1/ios/mkspecs/modules/qt_lib_quick.pri";
			name = "qt_lib_quick.pri";
			sourceTree = "<absolute>";
		};
		DD03E4AE3B1ED8517C7FFFF1 = {
			isa = PBXFileReference;
			path = "../../../../Qt/5.2.1/ios/mkspecs/modules/qt_lib_quick_private.pri";
			name = "qt_lib_quick_private.pri";
			sourceTree = "<absolute>";
		};
		EEE551BE29DA5C3F03193085 = {
			isa = PBXFileReference;
			path = "../../../../Qt/5.2.1/ios/mkspecs/modules/qt_lib_quickparticles_private.pri";
			name = "qt_lib_quickparticles_private.pri";
			sourceTree = "<absolute>";
		};
		F792FE4D109135E729CF6BE8 = {
			isa = PBXFileReference;
			path = "../../../../Qt/5.2.1/ios/mkspecs/modules/qt_lib_script.pri";
			name = "qt_lib_script.pri";
			sourceTree = "<absolute>";
		};
		0A80137D972A82AA02798605 = {
			isa = PBXFileReference;
			path = "../../../../Qt/5.2.1/ios/mkspecs/modules/qt_lib_script_private.pri";
			name = "qt_lib_script_private.pri";
			sourceTree = "<absolute>";
		};
		68E9A64AF433A452196AA62E = {
			isa = PBXFileReference;
			path = "../../../../Qt/5.2.1/ios/mkspecs/modules/qt_lib_scripttools.pri";
			name = "qt_lib_scripttools.pri";
			sourceTree = "<absolute>";
		};
		6C7E21ACAECB40FDA2436BCB = {
			isa = PBXFileReference;
			path = "../../../../Qt/5.2.1/ios/mkspecs/modules/qt_lib_scripttools_private.pri";
			name = "qt_lib_scripttools_private.pri";
			sourceTree = "<absolute>";
		};
		C762F9526E9F6648D05B873F = {
			isa = PBXFileReference;
			path = "../../../../Qt/5.2.1/ios/mkspecs/modules/qt_lib_sensors.pri";
			name = "qt_lib_sensors.pri";
			sourceTree = "<absolute>";
		};
		A22799F35E3C30B6B191B540 = {
			isa = PBXFileReference;
			path = "../../../../Qt/5.2.1/ios/mkspecs/modules/qt_lib_sensors_private.pri";
			name = "qt_lib_sensors_private.pri";
			sourceTree = "<absolute>";
		};
		CD437FF455657077EFE9DA4A = {
			isa = PBXFileReference;
			path = "../../../../Qt/5.2.1/ios/mkspecs/modules/qt_lib_sql.pri";
			name = "qt_lib_sql.pri";
			sourceTree = "<absolute>";
		};
		55DD054019D77B58127DF2C3 = {
			isa = PBXFileReference;
			path = "../../../../Qt/5.2.1/ios/mkspecs/modules/qt_lib_sql_private.pri";
			name = "qt_lib_sql_private.pri";
			sourceTree = "<absolute>";
		};
		057D18A0E2F5A91ED644BD6B = {
			isa = PBXFileReference;
			path = "../../../../Qt/5.2.1/ios/mkspecs/modules/qt_lib_svg.pri";
			name = "qt_lib_svg.pri";
			sourceTree = "<absolute>";
		};
		E7327D3F5F4906AC359D5B20 = {
			isa = PBXFileReference;
			path = "../../../../Qt/5.2.1/ios/mkspecs/modules/qt_lib_svg_private.pri";
			name = "qt_lib_svg_private.pri";
			sourceTree = "<absolute>";
		};
		CBC8BA8A3DFC3C7AC2170247 = {
			isa = PBXFileReference;
			path = "../../../../Qt/5.2.1/ios/mkspecs/modules/qt_lib_testlib.pri";
			name = "qt_lib_testlib.pri";
			sourceTree = "<absolute>";
		};
		6B13F9BEDB67EEE17AFDAAD4 = {
			isa = PBXFileReference;
			path = "../../../../Qt/5.2.1/ios/mkspecs/modules/qt_lib_testlib_private.pri";
			name = "qt_lib_testlib_private.pri";
			sourceTree = "<absolute>";
		};
		76E590F58AC0DCBDF3E7782C = {
			isa = PBXFileReference;
			path = "../../../../Qt/5.2.1/ios/mkspecs/modules/qt_lib_widgets.pri";
			name = "qt_lib_widgets.pri";
			sourceTree = "<absolute>";
		};
		00ABAA6DD0AA9DC504C0F4EA = {
			isa = PBXFileReference;
			path = "../../../../Qt/5.2.1/ios/mkspecs/modules/qt_lib_widgets_private.pri";
			name = "qt_lib_widgets_private.pri";
			sourceTree = "<absolute>";
		};
		5EF04D954C2DF026DFA482DB = {
			isa = PBXFileReference;
			path = "../../../../Qt/5.2.1/ios/mkspecs/modules/qt_lib_xml.pri";
			name = "qt_lib_xml.pri";
			sourceTree = "<absolute>";
		};
		C2161C2FDDF2BD1987C0B494 = {
			isa = PBXFileReference;
			path = "../../../../Qt/5.2.1/ios/mkspecs/modules/qt_lib_xml_private.pri";
			name = "qt_lib_xml_private.pri";
			sourceTree = "<absolute>";
		};
		3D8DB808E6B05879C5A7FAB7 = {
			isa = PBXFileReference;
			path = "../../../../Qt/5.2.1/ios/mkspecs/modules/qt_lib_xmlpatterns.pri";
			name = "qt_lib_xmlpatterns.pri";
			sourceTree = "<absolute>";
		};
		8F6A2F30E0C08E64CC94A4E7 = {
			isa = PBXFileReference;
			path = "../../../../Qt/5.2.1/ios/mkspecs/modules/qt_lib_xmlpatterns_private.pri";
			name = "qt_lib_xmlpatterns_private.pri";
			sourceTree = "<absolute>";
		};
		87A1DB0BB55AFF3ABA0DE1FA = {
			isa = PBXFileReference;
			path = "../../../../Qt/5.2.1/ios/mkspecs/modules/qt_plugin_cocoaprintersupport.pri";
			name = "qt_plugin_cocoaprintersupport.pri";
			sourceTree = "<absolute>";
		};
		6B635C4E46E4FFF50F22EB5D = {
			isa = PBXFileReference;
			path = "../../../../Qt/5.2.1/ios/mkspecs/modules/qt_plugin_qavfcamera.pri";
			name = "qt_plugin_qavfcamera.pri";
			sourceTree = "<absolute>";
		};
		DC02F35D68D3FCE6764C1A9C = {
			isa = PBXFileReference;
			path = "../../../../Qt/5.2.1/ios/mkspecs/modules/qt_plugin_qavfmediaplayer.pri";
			name = "qt_plugin_qavfmediaplayer.pri";
			sourceTree = "<absolute>";
		};
		F1D7051168F08DC1A59AB267 = {
			isa = PBXFileReference;
			path = "../../../../Qt/5.2.1/ios/mkspecs/modules/qt_plugin_qgenericbearer.pri";
			name = "qt_plugin_qgenericbearer.pri";
			sourceTree = "<absolute>";
		};
		146E5A9CD819EE2D3ED43AFF = {
			isa = PBXFileReference;
			path = "../../../../Qt/5.2.1/ios/mkspecs/modules/qt_plugin_qico.pri";
			name = "qt_plugin_qico.pri";
			sourceTree = "<absolute>";
		};
		B55C0A0CCFC4559B7B1D9D84 = {
			isa = PBXFileReference;
			path = "../../../../Qt/5.2.1/ios/mkspecs/modules/qt_plugin_qios.pri";
			name = "qt_plugin_qios.pri";
			sourceTree = "<absolute>";
		};
		FA8FFFC970A1D6148831A4A4 = {
			isa = PBXFileReference;
			path = "../../../../Qt/5.2.1/ios/mkspecs/modules/qt_plugin_qminimal.pri";
			name = "qt_plugin_qminimal.pri";
			sourceTree = "<absolute>";
		};
		DFDA96F93351AC19CC6D244D = {
			isa = PBXFileReference;
			path = "../../../../Qt/5.2.1/ios/mkspecs/modules/qt_plugin_qmldbg_inspector.pri";
			name = "qt_plugin_qmldbg_inspector.pri";
			sourceTree = "<absolute>";
		};
		ABC2463B6251552B7D987786 = {
			isa = PBXFileReference;
			path = "../../../../Qt/5.2.1/ios/mkspecs/modules/qt_plugin_qmldbg_qtquick2.pri";
			name = "qt_plugin_qmldbg_qtquick2.pri";
			sourceTree = "<absolute>";
		};
		28405F59286EC2123ED97E22 = {
			isa = PBXFileReference;
			path = "../../../../Qt/5.2.1/ios/mkspecs/modules/qt_plugin_qmldbg_tcp.pri";
			name = "qt_plugin_qmldbg_tcp.pri";
			sourceTree = "<absolute>";
		};
		A5C2ACF66CD903CFAB355463 = {
			isa = PBXFileReference;
			path = "../../../../Qt/5.2.1/ios/mkspecs/modules/qt_plugin_qmldbg_tcp_qtdeclarative.pri";
			name = "qt_plugin_qmldbg_tcp_qtdeclarative.pri";
			sourceTree = "<absolute>";
		};
		FFBAB87A92F7DC262EEC5650 = {
			isa = PBXFileReference;
			path = "../../../../Qt/5.2.1/ios/mkspecs/modules/qt_plugin_qmng.pri";
			name = "qt_plugin_qmng.pri";
			sourceTree = "<absolute>";
		};
		2DB1B888A20098D4970309A6 = {
			isa = PBXFileReference;
			path = "../../../../Qt/5.2.1/ios/mkspecs/modules/qt_plugin_qoffscreen.pri";
			name = "qt_plugin_qoffscreen.pri";
			sourceTree = "<absolute>";
		};
		909CB9AA9878B84B0A7E736D = {
			isa = PBXFileReference;
			path = "../../../../Qt/5.2.1/ios/mkspecs/modules/qt_plugin_qsqlite.pri";
			name = "qt_plugin_qsqlite.pri";
			sourceTree = "<absolute>";
		};
		C0C0BCD5C91BFC1825071C69 = {
			isa = PBXFileReference;
			path = "../../../../Qt/5.2.1/ios/mkspecs/modules/qt_plugin_qsvg.pri";
			name = "qt_plugin_qsvg.pri";
			sourceTree = "<absolute>";
		};
		6CAA85BE8DA73F6B081FCA71 = {
			isa = PBXFileReference;
			path = "../../../../Qt/5.2.1/ios/mkspecs/modules/qt_plugin_qsvgicon.pri";
			name = "qt_plugin_qsvgicon.pri";
			sourceTree = "<absolute>";
		};
		B73D00A448F3A25FA2466A63 = {
			isa = PBXFileReference;
			path = "../../../../Qt/5.2.1/ios/mkspecs/modules/qt_plugin_qtaccessiblequick.pri";
			name = "qt_plugin_qtaccessiblequick.pri";
			sourceTree = "<absolute>";
		};
		963110D17958C1EC9CAB2065 = {
			isa = PBXFileReference;
			path = "../../../../Qt/5.2.1/ios/mkspecs/modules/qt_plugin_qtaccessiblewidgets.pri";
			name = "qt_plugin_qtaccessiblewidgets.pri";
			sourceTree = "<absolute>";
		};
		B8CC04B4E99C0E4503ED73FB = {
			isa = PBXFileReference;
			path = "../../../../Qt/5.2.1/ios/mkspecs/modules/qt_plugin_qtaudio_coreaudio.pri";
			name = "qt_plugin_qtaudio_coreaudio.pri";
			sourceTree = "<absolute>";
		};
		5747FDD62408400286FF7655 = {
			isa = PBXFileReference;
			path = "../../../../Qt/5.2.1/ios/mkspecs/modules/qt_plugin_qtga.pri";
			name = "qt_plugin_qtga.pri";
			sourceTree = "<absolute>";
		};
		C5178DF0FD5754E24513D87E = {
			isa = PBXFileReference;
			path = "../../../../Qt/5.2.1/ios/mkspecs/modules/qt_plugin_qtiff.pri";
			name = "qt_plugin_qtiff.pri";
			sourceTree = "<absolute>";
		};
		29B2A1E3ED773D1FC383D0C1 = {
			isa = PBXFileReference;
			path = "../../../../Qt/5.2.1/ios/mkspecs/modules/qt_plugin_qtmedia_audioengine.pri";
			name = "qt_plugin_qtmedia_audioengine.pri";
			sourceTree = "<absolute>";
		};
		A9911F55F762B487799FDD3C = {
			isa = PBXFileReference;
			path = "../../../../Qt/5.2.1/ios/mkspecs/modules/qt_plugin_qtmultimedia_m3u.pri";
			name = "qt_plugin_qtmultimedia_m3u.pri";
			sourceTree = "<absolute>";
		};
		562CA202DA23795C3B154859 = {
			isa = PBXFileReference;
			path = "../../../../Qt/5.2.1/ios/mkspecs/modules/qt_plugin_qtsensorgestures_plugin.pri";
			name = "qt_plugin_qtsensorgestures_plugin.pri";
			sourceTree = "<absolute>";
		};
		BC107A528D279451B10DF968 = {
			isa = PBXFileReference;
			path = "../../../../Qt/5.2.1/ios/mkspecs/modules/qt_plugin_qtsensorgestures_shakeplugin.pri";
			name = "qt_plugin_qtsensorgestures_shakeplugin.pri";
			sourceTree = "<absolute>";
		};
		D1BF115545EAB511BBFDFA1C = {
			isa = PBXFileReference;
			path = "../../../../Qt/5.2.1/ios/mkspecs/modules/qt_plugin_qtsensors_generic.pri";
			name = "qt_plugin_qtsensors_generic.pri";
			sourceTree = "<absolute>";
		};
		4124E1131B52D486ED286ED9 = {
			isa = PBXFileReference;
			path = "../../../../Qt/5.2.1/ios/mkspecs/modules/qt_plugin_qtsensors_ios.pri";
			name = "qt_plugin_qtsensors_ios.pri";
			sourceTree = "<absolute>";
		};
		DBE15A453DDFAFCBF76A8B10 = {
			isa = PBXFileReference;
			path = "../../../../Qt/5.2.1/ios/mkspecs/modules/qt_plugin_qwbmp.pri";
			name = "qt_plugin_qwbmp.pri";
			sourceTree = "<absolute>";
		};
		F40479AA3A933128F87C0953 = {
			isa = PBXFileReference;
			path = "../../../../Qt/5.2.1/ios/mkspecs/macx-ios-clang/qmake.conf";
			name = "qmake.conf";
			sourceTree = "<absolute>";
		};
		0785EEDF93B781A81B303812 = {
			isa = PBXFileReference;
			path = "../../../../Qt/5.2.1/ios/mkspecs/macx-xcode/qmake.conf";
			name = "qmake.conf";
			sourceTree = "<absolute>";
		};
		A7F818B74817ACCD5F81E4D3 = {
			isa = PBXFileReference;
			path = "../../../../Qt/5.2.1/ios/mkspecs/macx-ios-clang/Default-568h@2x.png";
			name = "Default-568h@2x.png";
			sourceTree = "<absolute>";
		};
		1C24F891628CFEC3E6D29C30 = {
			isa = PBXFileReference;
			path = "../Lab4ES/lab4.ui";
			name = "lab4.ui";
			sourceTree = "<absolute>";
		};
		25B08E2869634E9BCBA333A2 = {
			isa = PBXGroup;
			children = (
				"D964CF8F8F636AB0080FC43A",
				"0EA83F2DF07A9E3732F74877");
			name = "Generated Sources";
			sourceTree = "<Group>";
		};
		3B3F738D630545A64DD05AC0 = {
			isa = PBXGroup;
			children = (
				"8F038DCD61BE0F18D95BBED4");
			name = "..";
			sourceTree = "<Group>";
		};
		8F038DCD61BE0F18D95BBED4 = {
			isa = PBXGroup;
			children = (
				"1C24F891628CFEC3E6D29C30");
			name = "Lab4ES";
			sourceTree = "<Group>";
		};
		5ADDF1BA7F6260E6AA5739ED = {
			isa = PBXGroup;
			children = (
				"2C498F52BA85C9D2122B8C63");
			name = "..";
			sourceTree = "<Group>";
		};
		2C498F52BA85C9D2122B8C63 = {
			isa = PBXGroup;
			children = (
				"81C5C3F7D007A6A50244D5AB",
				"6FFB7A9434D0F15E2372C13D",
				"D8C77A69A8DCBE956301D33E");
			name = "Lab4ES";
			sourceTree = "<Group>";
		};
		A3E1AA9917EC82D3446C262A = {
			isa = PBXGroup;
			children = (
				"42FD05AB5AEB134815798696",
				"35A022BA52A944E55BE8A2F8");
			name = "..";
			sourceTree = "<Group>";
		};
		35A022BA52A944E55BE8A2F8 = {
			isa = PBXGroup;
			children = (
				"EEC2917E61EF201566DE28DF");
			name = "..";
			sourceTree = "<Group>";
		};
		EEC2917E61EF201566DE28DF = {
			isa = PBXGroup;
			children = (
				"1933AD1077FBD72E23068D09");
			name = "..";
			sourceTree = "<Group>";
		};
		1933AD1077FBD72E23068D09 = {
			isa = PBXGroup;
			children = (
				"6C821104FEE32C4051BC5EEF");
			name = "..";
			sourceTree = "<Group>";
		};
		6C821104FEE32C4051BC5EEF = {
			isa = PBXGroup;
			children = (
				"7B809AC9ABFBE904430034B7");
			name = "Qt";
			sourceTree = "<Group>";
		};
		7B809AC9ABFBE904430034B7 = {
			isa = PBXGroup;
			children = (
				"A9914791A591A587EC93FFD0");
			name = "5.2.1";
			sourceTree = "<Group>";
		};
		A9914791A591A587EC93FFD0 = {
			isa = PBXGroup;
			children = (
				"A18E002DA30BB5D044A09CA3");
			name = "ios";
			sourceTree = "<Group>";
		};
		A18E002DA30BB5D044A09CA3 = {
			isa = PBXGroup;
			children = (
				"ECEBE6115419148BB75FE454",
				"2B368E2F61E3479D0244CB16",
				"2EA9D9574003AA1CBD132AB4",
				"70B3274D22BF63731DD6B428",
				"28307B990C061F043908F515",
				"14FE7ED88F0D2588A59BB0C7");
			name = "mkspecs";
			sourceTree = "<Group>";
		};
		2B368E2F61E3479D0244CB16 = {
			isa = PBXGroup;
			children = (
				"604EFDEFECCAFEB468BB4CF6",
				"67E0393B3DA3F313F9CA2381",
				"9C78C5349F9BBF6468F6C1F2",
				"6A68BD9AEE90EB9F2A536B7C",
				"5A2432EAD1AE44F81C388516",
				"48EA3348DAA7D3DD297EBA11",
				"581A3DA6143306A333CA1F98",
				"228E62BD3CB366E0D9F00C3A",
				"1FA80EBDCAB889F312AC4FE1");
			name = "common";
			sourceTree = "<Group>";
		};
		1FA80EBDCAB889F312AC4FE1 = {
			isa = PBXGroup;
			children = (
				"AC85F0FA3D946DE27E6AC381",
				"B761DFCCE2302861E286D144");
			name = "ios";
			sourceTree = "<Group>";
		};
		28307B990C061F043908F515 = {
			isa = PBXGroup;
			children = (
				"F40479AA3A933128F87C0953",
				"A7F818B74817ACCD5F81E4D3");
			name = "macx-ios-clang";
			sourceTree = "<Group>";
		};
		14FE7ED88F0D2588A59BB0C7 = {
			isa = PBXGroup;
			children = (
				"0785EEDF93B781A81B303812");
			name = "macx-xcode";
			sourceTree = "<Group>";
		};
		70B3274D22BF63731DD6B428 = {
			isa = PBXGroup;
			children = (
				"5B7F5F85CEE0A852151C8002",
				"A0B0ADB358CDD906F148F4AF",
				"94F58A54145F98F8E5D2DB34",
				"E6238F86CEC2D420A7689F17",
				"F0597911543934E65CE6DBF3",
				"67F8B973D1DE46D8644E442A",
				"CD3CD659CB03E3E7F99E0827",
				"0AC8BF591E367DD0F117802C",
				"D3DB85ABE507D3E8F477BC85",
				"1736C7E2B0FD1D52F6B1D727",
				"2F1EE4B35CCDF1C51B9D7294",
				"FBB51B145A266B87F274413E",
				"639C0DD9F760935D1D3020AE",
				"588B635D653B9144D7E1FD74",
				"F6F4803CE95B6F6F5DC2E735",
				"B4A2CC3888F8764896188EE6",
				"C77C3F16183D96678289E667",
				"9EA30B85C0FC9DEBD8EA3988",
				"0CA01A5CE35E2E9F188CF68F",
				"CB18B07C7BF3B92F9BB4502A",
				"86997B9406FE9EC1F9C893AA",
				"58DFE7BEA88A3F71BDFEEFBB",
				"53166FBB2F69F150692C3998",
				"740F3D5D3E75425773BB59E1",
				"B6A8840C067962F967969B75",
				"8DC635EAE656F88C7D8411FE",
				"C15C033397701185F6734CC0",
				"A50013AE651AAE404C9ABAD0",
				"6A11B55EC475CD09DA9E5175",
				"DD03E4AE3B1ED8517C7FFFF1",
				"EEE551BE29DA5C3F03193085",
				"F792FE4D109135E729CF6BE8",
				"0A80137D972A82AA02798605",
				"68E9A64AF433A452196AA62E",
				"6C7E21ACAECB40FDA2436BCB",
				"C762F9526E9F6648D05B873F",
				"A22799F35E3C30B6B191B540",
				"CD437FF455657077EFE9DA4A",
				"55DD054019D77B58127DF2C3",
				"057D18A0E2F5A91ED644BD6B",
				"E7327D3F5F4906AC359D5B20",
				"CBC8BA8A3DFC3C7AC2170247",
				"6B13F9BEDB67EEE17AFDAAD4",
				"76E590F58AC0DCBDF3E7782C",
				"00ABAA6DD0AA9DC504C0F4EA",
				"5EF04D954C2DF026DFA482DB",
				"C2161C2FDDF2BD1987C0B494",
				"3D8DB808E6B05879C5A7FAB7",
				"8F6A2F30E0C08E64CC94A4E7",
				"87A1DB0BB55AFF3ABA0DE1FA",
				"6B635C4E46E4FFF50F22EB5D",
				"DC02F35D68D3FCE6764C1A9C",
				"F1D7051168F08DC1A59AB267",
				"146E5A9CD819EE2D3ED43AFF",
				"B55C0A0CCFC4559B7B1D9D84",
				"FA8FFFC970A1D6148831A4A4",
				"DFDA96F93351AC19CC6D244D",
				"ABC2463B6251552B7D987786",
				"28405F59286EC2123ED97E22",
				"A5C2ACF66CD903CFAB355463",
				"FFBAB87A92F7DC262EEC5650",
				"2DB1B888A20098D4970309A6",
				"909CB9AA9878B84B0A7E736D",
				"C0C0BCD5C91BFC1825071C69",
				"6CAA85BE8DA73F6B081FCA71",
				"B73D00A448F3A25FA2466A63",
				"963110D17958C1EC9CAB2065",
				"B8CC04B4E99C0E4503ED73FB",
				"5747FDD62408400286FF7655",
				"C5178DF0FD5754E24513D87E",
				"29B2A1E3ED773D1FC383D0C1",
				"A9911F55F762B487799FDD3C",
				"562CA202DA23795C3B154859",
				"BC107A528D279451B10DF968",
				"D1BF115545EAB511BBFDFA1C",
				"4124E1131B52D486ED286ED9",
				"DBE15A453DDFAFCBF76A8B10");
			name = "modules";
			sourceTree = "<Group>";
		};
		42FD05AB5AEB134815798696 = {
			isa = PBXGroup;
			children = (
				"5512BABAF15487424C870F14");
			name = "Lab4ES";
			sourceTree = "<Group>";
		};
		2EB56BE3C2D93CDAB0C52E67 = {
			isa = PBXGroup;
			children = (
				"5ADDF1BA7F6260E6AA5739ED");
			name = "Sources";
			sourceTree = "<Group>";
		};
		12E908B8A1C3C07C115504F5 = {
			isa = PBXGroup;
			children = (
				"3B3F738D630545A64DD05AC0");
			name = "Sources [uic]";
			sourceTree = "<Group>";
		};
		74B182DB50CB5611B5C1C297 = {
			isa = PBXGroup;
			children = (
				"A3E1AA9917EC82D3446C262A");
			name = "Supporting Files";
			sourceTree = "<Group>";
		};
		7EF0942E79C014DCEC8976BC = {
			buildActionMask = 2147483647;
			files = (
				);
			isa = PBXShellScriptBuildPhase;
			runOnlyForDeploymentPostprocessing = 0;
			name = "Qt Preprocessors";
			shellPath = "/bin/sh";
			shellScript = "make -C /Users/dimones-dev/Desktop/DimonesLabs/IT/build-Lab4ES-iphonesimulator_clang_Qt_5_2_1_for_iOS-Debug -f Lab4ES.xcodeproj/qt_preprocess.mak";
		};
		F7E50F631C51CD5B5DC0BC43 = {
			buildActionMask = 2147483647;
			files = (
				"1EFE874E58BF6EFBA87614B5",
				"34D5792363CDD4FA1CA7E0CA",
				"58762CCCAF29CB986FB4B7E5");
			isa = PBXSourcesBuildPhase;
			runOnlyForDeploymentPostprocessing = 0;
			name = "Compile Sources";
		};
		FAB2013C757F368A86701619 = {
			isa = PBXFileReference;
			name = "qios";
			path = "../../../../Qt/5.2.1/ios/plugins/platforms/libqios$(QT_LIBRARY_SUFFIX).a";
			refType = 4;
			sourceTree = "<absolute>";
		};
		81E1587B3E71606F31FEE838 = {
			fileRef = "FAB2013C757F368A86701619";
			isa = PBXBuildFile;
			settings = {
			};
		};
		FCC237CA5AD60B9BA4447615 = {
			isa = PBXFileReference;
			name = "Foundation.framework";
			path = "/System/Library/Frameworks/Foundation.framework";
			refType = 0;
			sourceTree = "<absolute>";
			lastKnownFileType = "wrapper.framework";
		};
		F26454630C80841CBDCFE1CA = {
			fileRef = "FCC237CA5AD60B9BA4447615";
			isa = PBXBuildFile;
			settings = {
			};
		};
		7EC00404ACD5AB0E97726B0E = {
			isa = PBXFileReference;
			name = "QuartzCore.framework";
			path = "/System/Library/Frameworks/QuartzCore.framework";
			refType = 0;
			sourceTree = "<absolute>";
			lastKnownFileType = "wrapper.framework";
		};
		B460F624007324313696BE86 = {
			fileRef = "7EC00404ACD5AB0E97726B0E";
			isa = PBXBuildFile;
			settings = {
			};
		};
		4D765E1B1EA6C757220C63E7 = {
			isa = PBXFileReference;
			name = "CoreFoundation.framework";
			path = "/System/Library/Frameworks/CoreFoundation.framework";
			refType = 0;
			sourceTree = "<absolute>";
			lastKnownFileType = "wrapper.framework";
		};
		F8B465CE34D8DF87AAE95913 = {
			fileRef = "4D765E1B1EA6C757220C63E7";
			isa = PBXBuildFile;
			settings = {
			};
		};
		7D7B02101166B76FD2D4F8B4 = {
			isa = PBXFileReference;
			name = "CoreText.framework";
			path = "/System/Library/Frameworks/CoreText.framework";
			refType = 0;
			sourceTree = "<absolute>";
			lastKnownFileType = "wrapper.framework";
		};
		2B02D9DC58A01E45248DDBCE = {
			fileRef = "7D7B02101166B76FD2D4F8B4";
			isa = PBXBuildFile;
			settings = {
			};
		};
		6AE3EC31EE5BB1FCEE84137C = {
			isa = PBXFileReference;
			name = "CoreGraphics.framework";
			path = "/System/Library/Frameworks/CoreGraphics.framework";
			refType = 0;
			sourceTree = "<absolute>";
			lastKnownFileType = "wrapper.framework";
		};
		0CE02722F00CAD43741297B5 = {
			fileRef = "6AE3EC31EE5BB1FCEE84137C";
			isa = PBXBuildFile;
			settings = {
			};
		};
		39037929F3D3562B2ECA7C4C = {
			isa = PBXFileReference;
			name = "Qt5PlatformSupport";
			path = "../../../../Qt/5.2.1/ios/lib/libQt5PlatformSupport$(QT_LIBRARY_SUFFIX).a";
			refType = 4;
			sourceTree = "<absolute>";
		};
		0D03063FE19522A926A0B5C0 = {
			fileRef = "39037929F3D3562B2ECA7C4C";
			isa = PBXBuildFile;
			settings = {
			};
		};
		EFFC92EC96BA23C59F38C35B = {
			isa = PBXFileReference;
			name = "Qt5Widgets";
			path = "../../../../Qt/5.2.1/ios/lib/libQt5Widgets$(QT_LIBRARY_SUFFIX).a";
			refType = 4;
			sourceTree = "<absolute>";
		};
		C1784A391C290B9E82553F5F = {
			fileRef = "EFFC92EC96BA23C59F38C35B";
			isa = PBXBuildFile;
			settings = {
			};
		};
		84DB952183A0A428F41442A0 = {
			isa = PBXFileReference;
			name = "Qt5Gui";
			path = "../../../../Qt/5.2.1/ios/lib/libQt5Gui$(QT_LIBRARY_SUFFIX).a";
			refType = 4;
			sourceTree = "<absolute>";
		};
		378B7360F898ACF79AF2B486 = {
			fileRef = "84DB952183A0A428F41442A0";
			isa = PBXBuildFile;
			settings = {
			};
		};
		22A85D106F2E9AA72F1263CB = {
			isa = PBXFileReference;
			name = "Qt5Core";
			path = "../../../../Qt/5.2.1/ios/lib/libQt5Core$(QT_LIBRARY_SUFFIX).a";
			refType = 4;
			sourceTree = "<absolute>";
		};
		BA976A9BBAB4708E15206367 = {
			fileRef = "22A85D106F2E9AA72F1263CB";
			isa = PBXBuildFile;
			settings = {
			};
		};
		3DA90DAE39A0C9D07C6F6B0F = {
			buildActionMask = 2147483647;
			files = (
				);
			inputPaths = (
				"$(OBJECT_FILE_DIR_$(CURRENT_VARIANT))/$(CURRENT_ARCH)/*.o");
			outputPaths = (
				"$(LINK_FILE_LIST_$(CURRENT_VARIANT)_$(CURRENT_ARCH))");
			isa = PBXShellScriptBuildPhase;
			runOnlyForDeploymentPostprocessing = 0;
			name = "Qt Prelink";
			shellPath = "/bin/sh";
			shellScript = "/Users/dimones-dev/Qt/5.2.1/ios/mkspecs/macx-ios-clang/rename_main.sh ${OBJECT_FILE_DIR}-${CURRENT_VARIANT}/${CURRENT_ARCH}";
		};
		AF39DD055C3EF8226FBE929D = {
			children = (
				"FAB2013C757F368A86701619",
				"FCC237CA5AD60B9BA4447615",
				"7EC00404ACD5AB0E97726B0E",
				"4D765E1B1EA6C757220C63E7",
				"7D7B02101166B76FD2D4F8B4",
				"6AE3EC31EE5BB1FCEE84137C",
				"39037929F3D3562B2ECA7C4C",
				"EFFC92EC96BA23C59F38C35B",
				"84DB952183A0A428F41442A0",
				"22A85D106F2E9AA72F1263CB");
			isa = PBXGroup;
			name = "Frameworks";
			sourceTree = "<Group>";
		};
		D1C883685E82D5676953459A = {
			buildActionMask = 2147483647;
			files = (
				"81E1587B3E71606F31FEE838",
				"F26454630C80841CBDCFE1CA",
				"B460F624007324313696BE86",
				"F8B465CE34D8DF87AAE95913",
				"2B02D9DC58A01E45248DDBCE",
				"0CE02722F00CAD43741297B5",
				"0D03063FE19522A926A0B5C0",
				"C1784A391C290B9E82553F5F",
				"378B7360F898ACF79AF2B486",
				"BA976A9BBAB4708E15206367");
			isa = PBXFrameworksBuildPhase;
			runOnlyForDeploymentPostprocessing = 0;
			name = "Link Binary With Libraries";
		};
		9912D8AE0D786D2A0BF941BC = {
			isa = PBXFileReference;
			path = "/Users/dimones-dev/Desktop/DimonesLabs/IT/build-Lab4ES-iphonesimulator_clang_Qt_5_2_1_for_iOS-Debug/Lab4ES.xcodeproj/Default-568h@2x.png";
			sourceTree = "<absolute>";
		};
		EFE2035BF5A53E73021606B2 = {
			fileRef = "9912D8AE0D786D2A0BF941BC";
			isa = PBXBuildFile;
		};
		30414803F31797EB689AE508 = {
			buildActionMask = 2147483647;
			files = (
				"EFE2035BF5A53E73021606B2");
			isa = PBXResourcesBuildPhase;
			runOnlyForDeploymentPostprocessing = 0;
			name = "Copy Bundle Resources";
		};
		858FCAB0EB1F29CF8B07677C = {
			children = (
				"9912D8AE0D786D2A0BF941BC");
			isa = PBXGroup;
			name = "Bundle Resources";
			sourceTree = "<Group>";
		};
		B8618C4ACC5283E45C301E0C = {
			isa = PBXFileReference;
			includeInIndex = 0;
			explicitFileType = "wrapper.application";
			path = "Lab4ES.app";
			sourceTree = BUILT_PRODUCTS_DIR;
		};
		FE0A091FDBFB3E9C31B7A1BD = {
			children = (
				"B8618C4ACC5283E45C301E0C");
			isa = PBXGroup;
			name = "Products";
			sourceTree = "<Group>";
		};
		E8C543AB96796ECAA2E65C57 = {
			children = (
				"2EB56BE3C2D93CDAB0C52E67",
				"25B08E2869634E9BCBA333A2",
				"74B182DB50CB5611B5C1C297",
				"12E908B8A1C3C07C115504F5",
				"AF39DD055C3EF8226FBE929D",
				"858FCAB0EB1F29CF8B07677C",
				"FE0A091FDBFB3E9C31B7A1BD");
			isa = PBXGroup;
			name = "Lab4ES";
			sourceTree = "<Group>";
		};
		D80CAAAB2D0AEC77E1D4BB47 = {
			buildPhases = (
				"5E618435888B9D49F8540165",
				"7EF0942E79C014DCEC8976BC");
			dependencies = (
				);
			buildConfigurationList = 6CC3B5D2136C7CD6A5CF5A59;
			isa = PBXAggregateTarget;
			buildRules = (
);
			productName = "Qt Preprocess";
			name = "Qt Preprocess";
		};
		78271FE522371432736ED5F3 = {
			isa = PBXTargetDependency;
			target = "D80CAAAB2D0AEC77E1D4BB47";
		};
		BEE3C1253CB16C8650B6EB12 = {
			buildPhases = (
				"F7E50F631C51CD5B5DC0BC43",
				"3DA90DAE39A0C9D07C6F6B0F",
				"D1C883685E82D5676953459A",
				"30414803F31797EB689AE508");
			dependencies = (
				"78271FE522371432736ED5F3");
			productReference = "B8618C4ACC5283E45C301E0C";
			buildConfigurationList = 6CC3B5D2136C7CD6A5CF5A59;
			isa = PBXNativeTarget;
			buildRules = (
);
			productType = "com.apple.product-type.application";
			name = "Lab4ES";
			productName = "Lab4ES";
		};
		3AA6C32AC930069E80220CF1 = {
			isa = XCBuildConfiguration;
			buildSettings = {
				"ARCHS[sdk=iphoneos*]" = "armv7";
				"ARCHS[sdk=iphonesimulator*]" = "i386";
				COPY_PHASE_STRIP = "NO";
				DEBUG_INFORMATION_FORMAT = "dwarf";
				GCC_GENERATE_DEBUGGING_SYMBOLS = "YES";
				GCC_OPTIMIZATION_LEVEL = "0";
				PRODUCT_NAME = "Lab4ES";
				QT_LIBRARY_SUFFIX = "_debug";
				"QT_LIBRARY_SUFFIX[sdk=iphonesimulator*]" = "_iphonesimulator$(QT_LIBRARY_SUFFIX)";
				SDKROOT = "iphoneos";
				TARGETED_DEVICE_FAMILY = "1,2";
				GCC_VERSION = com.apple.compilers.llvm.clang.1_0;
				CC = "/Applications/Xcode.app/Contents/Developer/Toolchains/XcodeDefault.xctoolchain/usr/bin/clang";
				LDPLUSPLUS = "/Applications/Xcode.app/Contents/Developer/Toolchains/XcodeDefault.xctoolchain/usr/bin/clang++";
				INFOPLIST_FILE = "Info.plist";
				SYMROOT = "/Users/dimones-dev/Desktop/DimonesLabs/IT/build-Lab4ES-iphonesimulator_clang_Qt_5_2_1_for_iOS-Debug";
				DYLIB_CURRENT_VERSION = "1.0.0";
				DYLIB_COMPATIBILITY_VERSION = "1.0";
				IPHONEOS_DEPLOYMENT_TARGET = "5.0";
				CODE_SIGN_IDENTITY = "iPhone Developer";
				HEADER_SEARCH_PATHS = (
					"/Users/dimones-dev/Qt/5.2.1/ios/mkspecs/macx-ios-clang/ios",
					"../../../../Qt/5.2.1/ios/include",
					"../../../../Qt/5.2.1/ios/include/QtWidgets",
					"../../../../Qt/5.2.1/ios/include/QtGui",
					"../../../../Qt/5.2.1/ios/include/QtCore",
					".",
					".",
					".",
					"../../../../Qt/5.2.1/ios/mkspecs/macx-ios-clang");
				LIBRARY_SEARCH_PATHS = (
					"/Users/dimones-dev/Qt/5.2.1/ios/plugins/platforms",
					"/System/Library/Frameworks/",
					"/Users/dimones-dev/Qt/5.2.1/ios/lib");
				FRAMEWORK_SEARCH_PATHS = "";
				OTHER_CFLAGS = (
					"-pipe",
					"-fvisibility=hidden",
					"-fpascal-strings",
					"-fmessage-length=0",
					"-Wno-trigraphs",
					"-Wreturn-type",
					"-Wparentheses",
					"-Wswitch",
					"-Wno-unused-parameter",
					"-Wunused-variable",
					"-Wunused-value",
					"-Wno-shorten-64-to-32",
					"-Wno-sign-conversion",
					"-fexceptions",
					"-fasm-blocks",
					"-Wno-missing-field-initializers",
					"-Wno-missing-prototypes",
					"-Wno-implicit-atomic-properties",
					"-Wformat",
					"-Wno-missing-braces",
					"-Wno-unused-function",
					"-Wno-unused-label",
					"-Wuninitialized",
					"-Wno-unknown-pragmas",
					"-Wno-shadow",
					"-Wno-four-char-constants",
					"-Wno-sign-compare",
					"-Wpointer-sign",
					"-Wno-newline-eof",
					"-Wdeprecated-declarations",
					"-Winvalid-offsetof",
					"-Wno-conversion",
					"-g",
					"-gdwarf-2",
					"-Wall",
					"-W",
					"-fPIE",
					"-DDARWIN_NO_CARBON",
					"-DQT_NO_PRINTER",
					"-DQT_NO_PRINTDIALOG",
					"-DQT_WIDGETS_LIB",
					"-DQT_GUI_LIB",
					"-DQT_CORE_LIB");
				OTHER_CPLUSPLUSFLAGS = (
					"-pipe",
					"-fvisibility=hidden",
					"-fpascal-strings",
					"-fmessage-length=0",
					"-Wno-trigraphs",
					"-Wreturn-type",
					"-Wparentheses",
					"-Wswitch",
					"-Wno-unused-parameter",
					"-Wunused-variable",
					"-Wunused-value",
					"-Wno-shorten-64-to-32",
					"-Wno-sign-conversion",
					"-fexceptions",
					"-fasm-blocks",
					"-Wno-missing-field-initializers",
					"-Wno-missing-prototypes",
					"-Wno-implicit-atomic-properties",
					"-Wformat",
					"-Wno-missing-braces",
					"-Wno-unused-function",
					"-Wno-unused-label",
					"-Wuninitialized",
					"-Wno-unknown-pragmas",
					"-Wno-shadow",
					"-Wno-four-char-constants",
					"-Wno-sign-compare",
					"-Wpointer-sign",
					"-Wno-newline-eof",
					"-Wdeprecated-declarations",
					"-Winvalid-offsetof",
					"-Wno-conversion",
					"-fvisibility-inlines-hidden",
					"-Wno-non-virtual-dtor",
					"-Wno-overloaded-virtual",
					"-Wno-exit-time-destructors",
					"-stdlib=libstdc++",
					"-g",
					"-gdwarf-2",
					"-Wall",
					"-W",
					"-fPIE",
					"-DDARWIN_NO_CARBON",
					"-DQT_NO_PRINTER",
					"-DQT_NO_PRINTDIALOG",
					"-DQT_WIDGETS_LIB",
					"-DQT_GUI_LIB",
					"-DQT_CORE_LIB");
				OTHER_LDFLAGS = (
						"-headerpad_max_install_names",
						"-stdlib=libstdc++",
						"-u",
						"_qt_registerPlatformPlugin",
						"-L/Users/dimones-dev/Qt/5.2.1/ios/plugins/platforms",
						"-framework",
						"UIKit",
						"-L/Users/dimones-dev/Qt/5.2.1/ios/lib",
						"-framework",
						"OpenGLES",
						"-lz",
						"-lm");
				ARCHS = "arm";
			};
			name = "Debug";
		};
		77418F46922677BB04ED38DD = {
			isa = XCBuildConfiguration;
			buildSettings = {
				"ARCHS[sdk=iphoneos*]" = "armv7";
				"ARCHS[sdk=iphonesimulator*]" = "i386";
				COPY_PHASE_STRIP = "NO";
				DEBUG_INFORMATION_FORMAT = "dwarf";
				GCC_GENERATE_DEBUGGING_SYMBOLS = "YES";
				GCC_OPTIMIZATION_LEVEL = "0";
				PRODUCT_NAME = "Lab4ES";
				QT_LIBRARY_SUFFIX = "_debug";
				"QT_LIBRARY_SUFFIX[sdk=iphonesimulator*]" = "_iphonesimulator$(QT_LIBRARY_SUFFIX)";
				SDKROOT = "iphoneos";
				TARGETED_DEVICE_FAMILY = "1,2";
				PRODUCT_NAME = "Lab4ES";
			};
			name = "Debug";
		};
		339EE1B2CC4FC24589A0EA95 = {
			isa = XCBuildConfiguration;
			buildSettings = {
				"ARCHS[sdk=iphoneos*]" = "armv7";
				"ARCHS[sdk=iphonesimulator*]" = "i386";
				COPY_PHASE_STRIP = "YES";
				GCC_GENERATE_DEBUGGING_SYMBOLS = "NO";
				PRODUCT_NAME = "Lab4ES";
				QT_LIBRARY_SUFFIX = "";
				"QT_LIBRARY_SUFFIX[sdk=iphonesimulator*]" = "_iphonesimulator$(QT_LIBRARY_SUFFIX)";
				SDKROOT = "iphoneos";
				TARGETED_DEVICE_FAMILY = "1,2";
				GCC_VERSION = com.apple.compilers.llvm.clang.1_0;
				CC = "/Applications/Xcode.app/Contents/Developer/Toolchains/XcodeDefault.xctoolchain/usr/bin/clang";
				LDPLUSPLUS = "/Applications/Xcode.app/Contents/Developer/Toolchains/XcodeDefault.xctoolchain/usr/bin/clang++";
				INFOPLIST_FILE = "Info.plist";
				SYMROOT = "/Users/dimones-dev/Desktop/DimonesLabs/IT/build-Lab4ES-iphonesimulator_clang_Qt_5_2_1_for_iOS-Debug";
				DYLIB_CURRENT_VERSION = "1.0.0";
				DYLIB_COMPATIBILITY_VERSION = "1.0";
				IPHONEOS_DEPLOYMENT_TARGET = "5.0";
				CODE_SIGN_IDENTITY = "iPhone Developer";
				HEADER_SEARCH_PATHS = (
					"/Users/dimones-dev/Qt/5.2.1/ios/mkspecs/macx-ios-clang/ios",
					"../../../../Qt/5.2.1/ios/include",
					"../../../../Qt/5.2.1/ios/include/QtWidgets",
					"../../../../Qt/5.2.1/ios/include/QtGui",
					"../../../../Qt/5.2.1/ios/include/QtCore",
					".",
					".",
					".",
					"../../../../Qt/5.2.1/ios/mkspecs/macx-ios-clang");
				LIBRARY_SEARCH_PATHS = (
					"/Users/dimones-dev/Qt/5.2.1/ios/plugins/platforms",
					"/System/Library/Frameworks/",
					"/Users/dimones-dev/Qt/5.2.1/ios/lib");
				FRAMEWORK_SEARCH_PATHS = "";
				OTHER_CFLAGS = (
					"-pipe",
					"-fvisibility=hidden",
					"-fpascal-strings",
					"-fmessage-length=0",
					"-Wno-trigraphs",
					"-Wreturn-type",
					"-Wparentheses",
					"-Wswitch",
					"-Wno-unused-parameter",
					"-Wunused-variable",
					"-Wunused-value",
					"-Wno-shorten-64-to-32",
					"-Wno-sign-conversion",
					"-fexceptions",
					"-fasm-blocks",
					"-Wno-missing-field-initializers",
					"-Wno-missing-prototypes",
					"-Wno-implicit-atomic-properties",
					"-Wformat",
					"-Wno-missing-braces",
					"-Wno-unused-function",
					"-Wno-unused-label",
					"-Wuninitialized",
					"-Wno-unknown-pragmas",
					"-Wno-shadow",
					"-Wno-four-char-constants",
					"-Wno-sign-compare",
					"-Wpointer-sign",
					"-Wno-newline-eof",
					"-Wdeprecated-declarations",
					"-Winvalid-offsetof",
					"-Wno-conversion",
					"-g",
					"-gdwarf-2",
					"-Wall",
					"-W",
					"-fPIE",
					"-DDARWIN_NO_CARBON",
					"-DQT_NO_PRINTER",
					"-DQT_NO_PRINTDIALOG",
					"-DQT_WIDGETS_LIB",
					"-DQT_GUI_LIB",
					"-DQT_CORE_LIB");
				OTHER_CPLUSPLUSFLAGS = (
					"-pipe",
					"-fvisibility=hidden",
					"-fpascal-strings",
					"-fmessage-length=0",
					"-Wno-trigraphs",
					"-Wreturn-type",
					"-Wparentheses",
					"-Wswitch",
					"-Wno-unused-parameter",
					"-Wunused-variable",
					"-Wunused-value",
					"-Wno-shorten-64-to-32",
					"-Wno-sign-conversion",
					"-fexceptions",
					"-fasm-blocks",
					"-Wno-missing-field-initializers",
					"-Wno-missing-prototypes",
					"-Wno-implicit-atomic-properties",
					"-Wformat",
					"-Wno-missing-braces",
					"-Wno-unused-function",
					"-Wno-unused-label",
					"-Wuninitialized",
					"-Wno-unknown-pragmas",
					"-Wno-shadow",
					"-Wno-four-char-constants",
					"-Wno-sign-compare",
					"-Wpointer-sign",
					"-Wno-newline-eof",
					"-Wdeprecated-declarations",
					"-Winvalid-offsetof",
					"-Wno-conversion",
					"-fvisibility-inlines-hidden",
					"-Wno-non-virtual-dtor",
					"-Wno-overloaded-virtual",
					"-Wno-exit-time-destructors",
					"-stdlib=libstdc++",
					"-g",
					"-gdwarf-2",
					"-Wall",
					"-W",
					"-fPIE",
					"-DDARWIN_NO_CARBON",
					"-DQT_NO_PRINTER",
					"-DQT_NO_PRINTDIALOG",
					"-DQT_WIDGETS_LIB",
					"-DQT_GUI_LIB",
					"-DQT_CORE_LIB");
				OTHER_LDFLAGS = (
						"-headerpad_max_install_names",
						"-stdlib=libstdc++",
						"-u",
						"_qt_registerPlatformPlugin",
						"-L/Users/dimones-dev/Qt/5.2.1/ios/plugins/platforms",
						"-framework",
						"UIKit",
						"-L/Users/dimones-dev/Qt/5.2.1/ios/lib",
						"-framework",
						"OpenGLES",
						"-lz",
						"-lm");
				ARCHS = "arm";
			};
			name = "Release";
		};
		6666AA5E688052234F6758D8 = {
			isa = XCBuildConfiguration;
			buildSettings = {
				"ARCHS[sdk=iphoneos*]" = "armv7";
				"ARCHS[sdk=iphonesimulator*]" = "i386";
				COPY_PHASE_STRIP = "YES";
				GCC_GENERATE_DEBUGGING_SYMBOLS = "NO";
				PRODUCT_NAME = "Lab4ES";
				QT_LIBRARY_SUFFIX = "";
				"QT_LIBRARY_SUFFIX[sdk=iphonesimulator*]" = "_iphonesimulator$(QT_LIBRARY_SUFFIX)";
				SDKROOT = "iphoneos";
				TARGETED_DEVICE_FAMILY = "1,2";
				PRODUCT_NAME = "Lab4ES";
			};
			name = "Release";
		};
		DAC4C1AA5EDEA1C85E9CA5E6 = {
			isa = XCConfigurationList;
			buildConfigurations = (
				"3AA6C32AC930069E80220CF1",
				"339EE1B2CC4FC24589A0EA95");
			defaultConfigurationIsVisible = 0;
			defaultConfigurationName = "Debug";
		};
		6CC3B5D2136C7CD6A5CF5A59 = {
			isa = XCConfigurationList;
			buildConfigurations = (
				"77418F46922677BB04ED38DD",
				"6666AA5E688052234F6758D8");
			defaultConfigurationIsVisible = 0;
			defaultConfigurationName = "Debug";
		};
		6DB9C3763D02B1415CD9D565 = {
			hasScannedForEncodings = 1;
			compatibilityVersion = "Xcode 3.2";
			isa = PBXProject;
			mainGroup = "E8C543AB96796ECAA2E65C57";
			productRefGroup = "FE0A091FDBFB3E9C31B7A1BD";
			buildConfigurationList = "DAC4C1AA5EDEA1C85E9CA5E6";
			projectDirPath = "";
			projectRoot = "";
			targets = (
				"BEE3C1253CB16C8650B6EB12",
				"D80CAAAB2D0AEC77E1D4BB47");
		};
	};
	rootObject = "6DB9C3763D02B1415CD9D565";
}
