// !$*UTF8*$!
{
	archiveVersion = 1;
	classes = {
	};
	objectVersion = 46;
	objects = {

/* Begin PBXBuildFile section */
		463F85521902E61D008E94F4 /* Foundation.framework in Frameworks */ = {isa = PBXBuildFile; fileRef = 463F85511902E61D008E94F4 /* Foundation.framework */; };
		463F85541902E61D008E94F4 /* CoreGraphics.framework in Frameworks */ = {isa = PBXBuildFile; fileRef = 463F85531902E61D008E94F4 /* CoreGraphics.framework */; };
		463F85561902E61D008E94F4 /* UIKit.framework in Frameworks */ = {isa = PBXBuildFile; fileRef = 463F85551902E61D008E94F4 /* UIKit.framework */; };
		463F855C1902E61D008E94F4 /* InfoPlist.strings in Resources */ = {isa = PBXBuildFile; fileRef = 463F855A1902E61D008E94F4 /* InfoPlist.strings */; };
		463F855E1902E61D008E94F4 /* main.m in Sources */ = {isa = PBXBuildFile; fileRef = 463F855D1902E61D008E94F4 /* main.m */; };
		463F85621902E61D008E94F4 /* AppDelegate.m in Sources */ = {isa = PBXBuildFile; fileRef = 463F85611902E61D008E94F4 /* AppDelegate.m */; };
		463F85651902E61D008E94F4 /* Main.storyboard in Resources */ = {isa = PBXBuildFile; fileRef = 463F85631902E61D008E94F4 /* Main.storyboard */; };
		463F85681902E61D008E94F4 /* ViewController.m in Sources */ = {isa = PBXBuildFile; fileRef = 463F85671902E61D008E94F4 /* ViewController.m */; };
		463F856A1902E61D008E94F4 /* Images.xcassets in Resources */ = {isa = PBXBuildFile; fileRef = 463F85691902E61D008E94F4 /* Images.xcassets */; };
		463F85711902E61D008E94F4 /* XCTest.framework in Frameworks */ = {isa = PBXBuildFile; fileRef = 463F85701902E61D008E94F4 /* XCTest.framework */; };
		463F85721902E61D008E94F4 /* Foundation.framework in Frameworks */ = {isa = PBXBuildFile; fileRef = 463F85511902E61D008E94F4 /* Foundation.framework */; };
		463F85731902E61D008E94F4 /* UIKit.framework in Frameworks */ = {isa = PBXBuildFile; fileRef = 463F85551902E61D008E94F4 /* UIKit.framework */; };
		463F857B1902E61D008E94F4 /* InfoPlist.strings in Resources */ = {isa = PBXBuildFile; fileRef = 463F85791902E61D008E94F4 /* InfoPlist.strings */; };
		463F857D1902E61D008E94F4 /* testteasTests.m in Sources */ = {isa = PBXBuildFile; fileRef = 463F857C1902E61D008E94F4 /* testteasTests.m */; };
/* End PBXBuildFile section */

/* Begin PBXContainerItemProxy section */
		463F85741902E61D008E94F4 /* PBXContainerItemProxy */ = {
			isa = PBXContainerItemProxy;
			containerPortal = 463F85461902E61D008E94F4 /* Project object */;
			proxyType = 1;
			remoteGlobalIDString = 463F854D1902E61D008E94F4;
			remoteInfo = testteas;
		};
/* End PBXContainerItemProxy section */

/* Begin PBXFileReference section */
		463F854E1902E61D008E94F4 /* testteas.app */ = {isa = PBXFileReference; explicitFileType = wrapper.application; includeInIndex = 0; path = testteas.app; sourceTree = BUILT_PRODUCTS_DIR; };
		463F85511902E61D008E94F4 /* Foundation.framework */ = {isa = PBXFileReference; lastKnownFileType = wrapper.framework; name = Foundation.framework; path = System/Library/Frameworks/Foundation.framework; sourceTree = SDKROOT; };
		463F85531902E61D008E94F4 /* CoreGraphics.framework */ = {isa = PBXFileReference; lastKnownFileType = wrapper.framework; name = CoreGraphics.framework; path = System/Library/Frameworks/CoreGraphics.framework; sourceTree = SDKROOT; };
		463F85551902E61D008E94F4 /* UIKit.framework */ = {isa = PBXFileReference; lastKnownFileType = wrapper.framework; name = UIKit.framework; path = System/Library/Frameworks/UIKit.framework; sourceTree = SDKROOT; };
		463F85591902E61D008E94F4 /* testteas-Info.plist */ = {isa = PBXFileReference; lastKnownFileType = text.plist.xml; path = "testteas-Info.plist"; sourceTree = "<group>"; };
		463F855B1902E61D008E94F4 /* en */ = {isa = PBXFileReference; lastKnownFileType = text.plist.strings; name = en; path = en.lproj/InfoPlist.strings; sourceTree = "<group>"; };
		463F855D1902E61D008E94F4 /* main.m */ = {isa = PBXFileReference; lastKnownFileType = sourcecode.c.objc; path = main.m; sourceTree = "<group>"; };
		463F855F1902E61D008E94F4 /* testteas-Prefix.pch */ = {isa = PBXFileReference; lastKnownFileType = sourcecode.c.h; path = "testteas-Prefix.pch"; sourceTree = "<group>"; };
		463F85601902E61D008E94F4 /* AppDelegate.h */ = {isa = PBXFileReference; lastKnownFileType = sourcecode.c.h; path = AppDelegate.h; sourceTree = "<group>"; };
		463F85611902E61D008E94F4 /* AppDelegate.m */ = {isa = PBXFileReference; lastKnownFileType = sourcecode.c.objc; path = AppDelegate.m; sourceTree = "<group>"; };
		463F85641902E61D008E94F4 /* Base */ = {isa = PBXFileReference; lastKnownFileType = file.storyboard; name = Base; path = Base.lproj/Main.storyboard; sourceTree = "<group>"; };
		463F85661902E61D008E94F4 /* ViewController.h */ = {isa = PBXFileReference; lastKnownFileType = sourcecode.c.h; path = ViewController.h; sourceTree = "<group>"; };
		463F85671902E61D008E94F4 /* ViewController.m */ = {isa = PBXFileReference; lastKnownFileType = sourcecode.c.objc; path = ViewController.m; sourceTree = "<group>"; };
		463F85691902E61D008E94F4 /* Images.xcassets */ = {isa = PBXFileReference; lastKnownFileType = folder.assetcatalog; path = Images.xcassets; sourceTree = "<group>"; };
		463F856F1902E61D008E94F4 /* testteasTests.xctest */ = {isa = PBXFileReference; explicitFileType = wrapper.cfbundle; includeInIndex = 0; path = testteasTests.xctest; sourceTree = BUILT_PRODUCTS_DIR; };
		463F85701902E61D008E94F4 /* XCTest.framework */ = {isa = PBXFileReference; lastKnownFileType = wrapper.framework; name = XCTest.framework; path = Library/Frameworks/XCTest.framework; sourceTree = DEVELOPER_DIR; };
		463F85781902E61D008E94F4 /* testteasTests-Info.plist */ = {isa = PBXFileReference; lastKnownFileType = text.plist.xml; path = "testteasTests-Info.plist"; sourceTree = "<group>"; };
		463F857A1902E61D008E94F4 /* en */ = {isa = PBXFileReference; lastKnownFileType = text.plist.strings; name = en; path = en.lproj/InfoPlist.strings; sourceTree = "<group>"; };
		463F857C1902E61D008E94F4 /* testteasTests.m */ = {isa = PBXFileReference; lastKnownFileType = sourcecode.c.objc; path = testteasTests.m; sourceTree = "<group>"; };
/* End PBXFileReference section */

/* Begin PBXFrameworksBuildPhase section */
		463F854B1902E61D008E94F4 /* Frameworks */ = {
			isa = PBXFrameworksBuildPhase;
			buildActionMask = 2147483647;
			files = (
				463F85541902E61D008E94F4 /* CoreGraphics.framework in Frameworks */,
				463F85561902E61D008E94F4 /* UIKit.framework in Frameworks */,
				463F85521902E61D008E94F4 /* Foundation.framework in Frameworks */,
			);
			runOnlyForDeploymentPostprocessing = 0;
		};
		463F856C1902E61D008E94F4 /* Frameworks */ = {
			isa = PBXFrameworksBuildPhase;
			buildActionMask = 2147483647;
			files = (
				463F85711902E61D008E94F4 /* XCTest.framework in Frameworks */,
				463F85731902E61D008E94F4 /* UIKit.framework in Frameworks */,
				463F85721902E61D008E94F4 /* Foundation.framework in Frameworks */,
			);
			runOnlyForDeploymentPostprocessing = 0;
		};
/* End PBXFrameworksBuildPhase section */

/* Begin PBXGroup section */
		463F85451902E61D008E94F4 = {
			isa = PBXGroup;
			children = (
				463F85571902E61D008E94F4 /* testteas */,
				463F85761902E61D008E94F4 /* testteasTests */,
				463F85501902E61D008E94F4 /* Frameworks */,
				463F854F1902E61D008E94F4 /* Products */,
			);
			sourceTree = "<group>";
		};
		463F854F1902E61D008E94F4 /* Products */ = {
			isa = PBXGroup;
			children = (
				463F854E1902E61D008E94F4 /* testteas.app */,
				463F856F1902E61D008E94F4 /* testteasTests.xctest */,
			);
			name = Products;
			sourceTree = "<group>";
		};
		463F85501902E61D008E94F4 /* Frameworks */ = {
			isa = PBXGroup;
			children = (
				463F85511902E61D008E94F4 /* Foundation.framework */,
				463F85531902E61D008E94F4 /* CoreGraphics.framework */,
				463F85551902E61D008E94F4 /* UIKit.framework */,
				463F85701902E61D008E94F4 /* XCTest.framework */,
			);
			name = Frameworks;
			sourceTree = "<group>";
		};
		463F85571902E61D008E94F4 /* testteas */ = {
			isa = PBXGroup;
			children = (
				463F85601902E61D008E94F4 /* AppDelegate.h */,
				463F85611902E61D008E94F4 /* AppDelegate.m */,
				463F85631902E61D008E94F4 /* Main.storyboard */,
				463F85661902E61D008E94F4 /* ViewController.h */,
				463F85671902E61D008E94F4 /* ViewController.m */,
				463F85691902E61D008E94F4 /* Images.xcassets */,
				463F85581902E61D008E94F4 /* Supporting Files */,
			);
			path = testteas;
			sourceTree = "<group>";
		};
		463F85581902E61D008E94F4 /* Supporting Files */ = {
			isa = PBXGroup;
			children = (
				463F85591902E61D008E94F4 /* testteas-Info.plist */,
				463F855A1902E61D008E94F4 /* InfoPlist.strings */,
				463F855D1902E61D008E94F4 /* main.m */,
				463F855F1902E61D008E94F4 /* testteas-Prefix.pch */,
			);
			name = "Supporting Files";
			sourceTree = "<group>";
		};
		463F85761902E61D008E94F4 /* testteasTests */ = {
			isa = PBXGroup;
			children = (
				463F857C1902E61D008E94F4 /* testteasTests.m */,
				463F85771902E61D008E94F4 /* Supporting Files */,
			);
			path = testteasTests;
			sourceTree = "<group>";
		};
		463F85771902E61D008E94F4 /* Supporting Files */ = {
			isa = PBXGroup;
			children = (
				463F85781902E61D008E94F4 /* testteasTests-Info.plist */,
				463F85791902E61D008E94F4 /* InfoPlist.strings */,
			);
			name = "Supporting Files";
			sourceTree = "<group>";
		};
/* End PBXGroup section */

/* Begin PBXNativeTarget section */
		463F854D1902E61D008E94F4 /* testteas */ = {
			isa = PBXNativeTarget;
			buildConfigurationList = 463F85801902E61D008E94F4 /* Build configuration list for PBXNativeTarget "testteas" */;
			buildPhases = (
				463F854A1902E61D008E94F4 /* Sources */,
				463F854B1902E61D008E94F4 /* Frameworks */,
				463F854C1902E61D008E94F4 /* Resources */,
			);
			buildRules = (
			);
			dependencies = (
			);
			name = testteas;
			productName = testteas;
			productReference = 463F854E1902E61D008E94F4 /* testteas.app */;
			productType = "com.apple.product-type.application";
		};
		463F856E1902E61D008E94F4 /* testteasTests */ = {
			isa = PBXNativeTarget;
			buildConfigurationList = 463F85831902E61D008E94F4 /* Build configuration list for PBXNativeTarget "testteasTests" */;
			buildPhases = (
				463F856B1902E61D008E94F4 /* Sources */,
				463F856C1902E61D008E94F4 /* Frameworks */,
				463F856D1902E61D008E94F4 /* Resources */,
			);
			buildRules = (
			);
			dependencies = (
				463F85751902E61D008E94F4 /* PBXTargetDependency */,
			);
			name = testteasTests;
			productName = testteasTests;
			productReference = 463F856F1902E61D008E94F4 /* testteasTests.xctest */;
			productType = "com.apple.product-type.bundle.unit-test";
		};
/* End PBXNativeTarget section */

/* Begin PBXProject section */
		463F85461902E61D008E94F4 /* Project object */ = {
			isa = PBXProject;
			attributes = {
				LastUpgradeCheck = 0510;
				ORGANIZATIONNAME = Dimones;
				TargetAttributes = {
					463F856E1902E61D008E94F4 = {
						TestTargetID = 463F854D1902E61D008E94F4;
					};
				};
			};
			buildConfigurationList = 463F85491902E61D008E94F4 /* Build configuration list for PBXProject "testteas" */;
			compatibilityVersion = "Xcode 3.2";
			developmentRegion = English;
			hasScannedForEncodings = 0;
			knownRegions = (
				en,
				Base,
			);
			mainGroup = 463F85451902E61D008E94F4;
			productRefGroup = 463F854F1902E61D008E94F4 /* Products */;
			projectDirPath = "";
			projectRoot = "";
			targets = (
				463F854D1902E61D008E94F4 /* testteas */,
				463F856E1902E61D008E94F4 /* testteasTests */,
			);
		};
/* End PBXProject section */

/* Begin PBXResourcesBuildPhase section */
		463F854C1902E61D008E94F4 /* Resources */ = {
			isa = PBXResourcesBuildPhase;
			buildActionMask = 2147483647;
			files = (
				463F856A1902E61D008E94F4 /* Images.xcassets in Resources */,
				463F855C1902E61D008E94F4 /* InfoPlist.strings in Resources */,
				463F85651902E61D008E94F4 /* Main.storyboard in Resources */,
			);
			runOnlyForDeploymentPostprocessing = 0;
		};
		463F856D1902E61D008E94F4 /* Resources */ = {
			isa = PBXResourcesBuildPhase;
			buildActionMask = 2147483647;
			files = (
				463F857B1902E61D008E94F4 /* InfoPlist.strings in Resources */,
			);
			runOnlyForDeploymentPostprocessing = 0;
		};
/* End PBXResourcesBuildPhase section */

/* Begin PBXSourcesBuildPhase section */
		463F854A1902E61D008E94F4 /* Sources */ = {
			isa = PBXSourcesBuildPhase;
			buildActionMask = 2147483647;
			files = (
				463F85681902E61D008E94F4 /* ViewController.m in Sources */,
				463F85621902E61D008E94F4 /* AppDelegate.m in Sources */,
				463F855E1902E61D008E94F4 /* main.m in Sources */,
			);
			runOnlyForDeploymentPostprocessing = 0;
		};
		463F856B1902E61D008E94F4 /* Sources */ = {
			isa = PBXSourcesBuildPhase;
			buildActionMask = 2147483647;
			files = (
				463F857D1902E61D008E94F4 /* testteasTests.m in Sources */,
			);
			runOnlyForDeploymentPostprocessing = 0;
		};
/* End PBXSourcesBuildPhase section */

/* Begin PBXTargetDependency section */
		463F85751902E61D008E94F4 /* PBXTargetDependency */ = {
			isa = PBXTargetDependency;
			target = 463F854D1902E61D008E94F4 /* testteas */;
			targetProxy = 463F85741902E61D008E94F4 /* PBXContainerItemProxy */;
		};
/* End PBXTargetDependency section */

/* Begin PBXVariantGroup section */
		463F855A1902E61D008E94F4 /* InfoPlist.strings */ = {
			isa = PBXVariantGroup;
			children = (
				463F855B1902E61D008E94F4 /* en */,
			);
			name = InfoPlist.strings;
			sourceTree = "<group>";
		};
		463F85631902E61D008E94F4 /* Main.storyboard */ = {
			isa = PBXVariantGroup;
			children = (
				463F85641902E61D008E94F4 /* Base */,
			);
			name = Main.storyboard;
			sourceTree = "<group>";
		};
		463F85791902E61D008E94F4 /* InfoPlist.strings */ = {
			isa = PBXVariantGroup;
			children = (
				463F857A1902E61D008E94F4 /* en */,
			);
			name = InfoPlist.strings;
			sourceTree = "<group>";
		};
/* End PBXVariantGroup section */

/* Begin XCBuildConfiguration section */
		463F857E1902E61D008E94F4 /* Debug */ = {
			isa = XCBuildConfiguration;
			buildSettings = {
				ALWAYS_SEARCH_USER_PATHS = NO;
				CLANG_CXX_LANGUAGE_STANDARD = "gnu++0x";
				CLANG_CXX_LIBRARY = "libc++";
				CLANG_ENABLE_MODULES = YES;
				CLANG_ENABLE_OBJC_ARC = YES;
				CLANG_WARN_BOOL_CONVERSION = YES;
				CLANG_WARN_CONSTANT_CONVERSION = YES;
				CLANG_WARN_DIRECT_OBJC_ISA_USAGE = YES_ERROR;
				CLANG_WARN_EMPTY_BODY = YES;
				CLANG_WARN_ENUM_CONVERSION = YES;
				CLANG_WARN_INT_CONVERSION = YES;
				CLANG_WARN_OBJC_ROOT_CLASS = YES_ERROR;
				CLANG_WARN__DUPLICATE_METHOD_MATCH = YES;
				"CODE_SIGN_IDENTITY[sdk=iphoneos*]" = "iPhone Developer";
				COPY_PHASE_STRIP = NO;
				GCC_C_LANGUAGE_STANDARD = gnu99;
				GCC_DYNAMIC_NO_PIC = NO;
				GCC_OPTIMIZATION_LEVEL = 0;
				GCC_PREPROCESSOR_DEFINITIONS = (
					"DEBUG=1",
					"$(inherited)",
				);
				GCC_SYMBOLS_PRIVATE_EXTERN = NO;
				GCC_WARN_64_TO_32_BIT_CONVERSION = YES;
				GCC_WARN_ABOUT_RETURN_TYPE = YES_ERROR;
				GCC_WARN_UNDECLARED_SELECTOR = YES;
				GCC_WARN_UNINITIALIZED_AUTOS = YES_AGGRESSIVE;
				GCC_WARN_UNUSED_FUNCTION = YES;
				GCC_WARN_UNUSED_VARIABLE = YES;
				IPHONEOS_DEPLOYMENT_TARGET = 7.1;
				ONLY_ACTIVE_ARCH = YES;
				SDKROOT = iphoneos;
			};
			name = Debug;
		};
		463F857F1902E61D008E94F4 /* Release */ = {
			isa = XCBuildConfiguration;
			buildSettings = {
				ALWAYS_SEARCH_USER_PATHS = NO;
				CLANG_CXX_LANGUAGE_STANDARD = "gnu++0x";
				CLANG_CXX_LIBRARY = "libc++";
				CLANG_ENABLE_MODULES = YES;
				CLANG_ENABLE_OBJC_ARC = YES;
				CLANG_WARN_BOOL_CONVERSION = YES;
				CLANG_WARN_CONSTANT_CONVERSION = YES;
				CLANG_WARN_DIRECT_OBJC_ISA_USAGE = YES_ERROR;
				CLANG_WARN_EMPTY_BODY = YES;
				CLANG_WARN_ENUM_CONVERSION = YES;
				CLANG_WARN_INT_CONVERSION = YES;
				CLANG_WARN_OBJC_ROOT_CLASS = YES_ERROR;
				CLANG_WARN__DUPLICATE_METHOD_MATCH = YES;
				"CODE_SIGN_IDENTITY[sdk=iphoneos*]" = "iPhone Developer";
				COPY_PHASE_STRIP = YES;
				ENABLE_NS_ASSERTIONS = NO;
				GCC_C_LANGUAGE_STANDARD = gnu99;
				GCC_WARN_64_TO_32_BIT_CONVERSION = YES;
				GCC_WARN_ABOUT_RETURN_TYPE = YES_ERROR;
				GCC_WARN_UNDECLARED_SELECTOR = YES;
				GCC_WARN_UNINITIALIZED_AUTOS = YES_AGGRESSIVE;
				GCC_WARN_UNUSED_FUNCTION = YES;
				GCC_WARN_UNUSED_VARIABLE = YES;
				IPHONEOS_DEPLOYMENT_TARGET = 7.1;
				SDKROOT = iphoneos;
				VALIDATE_PRODUCT = YES;
			};
			name = Release;
		};
		463F85811902E61D008E94F4 /* Debug */ = {
			isa = XCBuildConfiguration;
			buildSettings = {
				ASSETCATALOG_COMPILER_APPICON_NAME = AppIcon;
				ASSETCATALOG_COMPILER_LAUNCHIMAGE_NAME = LaunchImage;
				GCC_PRECOMPILE_PREFIX_HEADER = YES;
				GCC_PREFIX_HEADER = "testteas/testteas-Prefix.pch";
				INFOPLIST_FILE = "testteas/testteas-Info.plist";
				PRODUCT_NAME = "$(TARGET_NAME)";
				WRAPPER_EXTENSION = app;
			};
			name = Debug;
		};
		463F85821902E61D008E94F4 /* Release */ = {
			isa = XCBuildConfiguration;
			buildSettings = {
				ASSETCATALOG_COMPILER_APPICON_NAME = AppIcon;
				ASSETCATALOG_COMPILER_LAUNCHIMAGE_NAME = LaunchImage;
				GCC_PRECOMPILE_PREFIX_HEADER = YES;
				GCC_PREFIX_HEADER = "testteas/testteas-Prefix.pch";
				INFOPLIST_FILE = "testteas/testteas-Info.plist";
				PRODUCT_NAME = "$(TARGET_NAME)";
				WRAPPER_EXTENSION = app;
			};
			name = Release;
		};
		463F85841902E61D008E94F4 /* Debug */ = {
			isa = XCBuildConfiguration;
			buildSettings = {
				BUNDLE_LOADER = "$(BUILT_PRODUCTS_DIR)/testteas.app/testteas";
				FRAMEWORK_SEARCH_PATHS = (
					"$(SDKROOT)/Developer/Library/Frameworks",
					"$(inherited)",
					"$(DEVELOPER_FRAMEWORKS_DIR)",
				);
				GCC_PRECOMPILE_PREFIX_HEADER = YES;
				GCC_PREFIX_HEADER = "testteas/testteas-Prefix.pch";
				GCC_PREPROCESSOR_DEFINITIONS = (
					"DEBUG=1",
					"$(inherited)",
				);
				INFOPLIST_FILE = "testteasTests/testteasTests-Info.plist";
				PRODUCT_NAME = "$(TARGET_NAME)";
				TEST_HOST = "$(BUNDLE_LOADER)";
				WRAPPER_EXTENSION = xctest;
			};
			name = Debug;
		};
		463F85851902E61D008E94F4 /* Release */ = {
			isa = XCBuildConfiguration;
			buildSettings = {
				BUNDLE_LOADER = "$(BUILT_PRODUCTS_DIR)/testteas.app/testteas";
				FRAMEWORK_SEARCH_PATHS = (
					"$(SDKROOT)/Developer/Library/Frameworks",
					"$(inherited)",
					"$(DEVELOPER_FRAMEWORKS_DIR)",
				);
				GCC_PRECOMPILE_PREFIX_HEADER = YES;
				GCC_PREFIX_HEADER = "testteas/testteas-Prefix.pch";
				INFOPLIST_FILE = "testteasTests/testteasTests-Info.plist";
				PRODUCT_NAME = "$(TARGET_NAME)";
				TEST_HOST = "$(BUNDLE_LOADER)";
				WRAPPER_EXTENSION = xctest;
			};
			name = Release;
		};
/* End XCBuildConfiguration section */

/* Begin XCConfigurationList section */
		463F85491902E61D008E94F4 /* Build configuration list for PBXProject "testteas" */ = {
			isa = XCConfigurationList;
			buildConfigurations = (
				463F857E1902E61D008E94F4 /* Debug */,
				463F857F1902E61D008E94F4 /* Release */,
			);
			defaultConfigurationIsVisible = 0;
			defaultConfigurationName = Release;
		};
		463F85801902E61D008E94F4 /* Build configuration list for PBXNativeTarget "testteas" */ = {
			isa = XCConfigurationList;
			buildConfigurations = (
				463F85811902E61D008E94F4 /* Debug */,
				463F85821902E61D008E94F4 /* Release */,
			);
			defaultConfigurationIsVisible = 0;
		};
		463F85831902E61D008E94F4 /* Build configuration list for PBXNativeTarget "testteasTests" */ = {
			isa = XCConfigurationList;
			buildConfigurations = (
				463F85841902E61D008E94F4 /* Debug */,
				463F85851902E61D008E94F4 /* Release */,
			);
			defaultConfigurationIsVisible = 0;
		};
/* End XCConfigurationList section */
	};
	rootObject = 463F85461902E61D008E94F4 /* Project object */;
}
